// !$*UTF8*$!
{
	archiveVersion = 1;
	classes = {
	};
	objectVersion = 46;
	objects = {

/* Begin PBXBuildFile section */
		3206F1421D86173D00F41B34 /* AppDelegate.swift in Sources */ = {isa = PBXBuildFile; fileRef = 3206F1411D86173D00F41B34 /* AppDelegate.swift */; };
		3206F1441D86173D00F41B34 /* ViewController.swift in Sources */ = {isa = PBXBuildFile; fileRef = 3206F1431D86173D00F41B34 /* ViewController.swift */; };
		3206F1471D86173D00F41B34 /* Main.storyboard in Resources */ = {isa = PBXBuildFile; fileRef = 3206F1451D86173D00F41B34 /* Main.storyboard */; };
		3206F1491D86173D00F41B34 /* Assets.xcassets in Resources */ = {isa = PBXBuildFile; fileRef = 3206F1481D86173D00F41B34 /* Assets.xcassets */; };
		3206F14C1D86173D00F41B34 /* LaunchScreen.storyboard in Resources */ = {isa = PBXBuildFile; fileRef = 3206F14A1D86173D00F41B34 /* LaunchScreen.storyboard */; };
/* End PBXBuildFile section */

/* Begin PBXFileReference section */
		3206F13E1D86173D00F41B34 /* NumberToRomanNumerals.app */ = {isa = PBXFileReference; explicitFileType = wrapper.application; includeInIndex = 0; path = NumberToRomanNumerals.app; sourceTree = BUILT_PRODUCTS_DIR; };
		3206F1411D86173D00F41B34 /* AppDelegate.swift */ = {isa = PBXFileReference; lastKnownFileType = sourcecode.swift; path = AppDelegate.swift; sourceTree = "<group>"; };
		3206F1431D86173D00F41B34 /* ViewController.swift */ = {isa = PBXFileReference; lastKnownFileType = sourcecode.swift; path = ViewController.swift; sourceTree = "<group>"; };
		3206F1461D86173D00F41B34 /* Base */ = {isa = PBXFileReference; lastKnownFileType = file.storyboard; name = Base; path = Base.lproj/Main.storyboard; sourceTree = "<group>"; };
		3206F1481D86173D00F41B34 /* Assets.xcassets */ = {isa = PBXFileReference; lastKnownFileType = folder.assetcatalog; path = Assets.xcassets; sourceTree = "<group>"; };
		3206F14B1D86173D00F41B34 /* Base */ = {isa = PBXFileReference; lastKnownFileType = file.storyboard; name = Base; path = Base.lproj/LaunchScreen.storyboard; sourceTree = "<group>"; };
		3206F14D1D86173D00F41B34 /* Info.plist */ = {isa = PBXFileReference; lastKnownFileType = text.plist.xml; path = Info.plist; sourceTree = "<group>"; };
/* End PBXFileReference section */

/* Begin PBXFrameworksBuildPhase section */
		3206F13B1D86173D00F41B34 /* Frameworks */ = {
			isa = PBXFrameworksBuildPhase;
			buildActionMask = 2147483647;
			files = (
			);
			runOnlyForDeploymentPostprocessing = 0;
		};
/* End PBXFrameworksBuildPhase section */

/* Begin PBXGroup section */
		3206F1351D86173D00F41B34 = {
			isa = PBXGroup;
			children = (
				3206F1401D86173D00F41B34 /* NumberToRomanNumerals */,
				3206F13F1D86173D00F41B34 /* Products */,
			);
			sourceTree = "<group>";
		};
		3206F13F1D86173D00F41B34 /* Products */ = {
			isa = PBXGroup;
			children = (
				3206F13E1D86173D00F41B34 /* NumberToRomanNumerals.app */,
			);
			name = Products;
			sourceTree = "<group>";
		};
		3206F1401D86173D00F41B34 /* NumberToRomanNumerals */ = {
			isa = PBXGroup;
			children = (
				3206F1411D86173D00F41B34 /* AppDelegate.swift */,
				3206F1431D86173D00F41B34 /* ViewController.swift */,
				3206F1451D86173D00F41B34 /* Main.storyboard */,
				3206F1481D86173D00F41B34 /* Assets.xcassets */,
				3206F14A1D86173D00F41B34 /* LaunchScreen.storyboard */,
				3206F14D1D86173D00F41B34 /* Info.plist */,
			);
			path = NumberToRomanNumerals;
			sourceTree = "<group>";
		};
/* End PBXGroup section */

/* Begin PBXNativeTarget section */
		3206F13D1D86173D00F41B34 /* NumberToRomanNumerals */ = {
			isa = PBXNativeTarget;
			buildConfigurationList = 3206F1501D86173D00F41B34 /* Build configuration list for PBXNativeTarget "NumberToRomanNumerals" */;
			buildPhases = (
				3206F13A1D86173D00F41B34 /* Sources */,
				3206F13B1D86173D00F41B34 /* Frameworks */,
				3206F13C1D86173D00F41B34 /* Resources */,
			);
			buildRules = (
			);
			dependencies = (
			);
			name = NumberToRomanNumerals;
			productName = NumberToRomanNumerals;
			productReference = 3206F13E1D86173D00F41B34 /* NumberToRomanNumerals.app */;
			productType = "com.apple.product-type.application";
		};
/* End PBXNativeTarget section */

/* Begin PBXProject section */
		3206F1361D86173D00F41B34 /* Project object */ = {
			isa = PBXProject;
			attributes = {
				LastSwiftUpdateCheck = 0730;
				LastUpgradeCheck = 0730;
				ORGANIZATIONNAME = "David Thurman";
				TargetAttributes = {
					3206F13D1D86173D00F41B34 = {
						CreatedOnToolsVersion = 7.3.1;
					};
				};
			};
			buildConfigurationList = 3206F1391D86173D00F41B34 /* Build configuration list for PBXProject "NumberToRomanNumerals" */;
			compatibilityVersion = "Xcode 3.2";
			developmentRegion = English;
			hasScannedForEncodings = 0;
			knownRegions = (
				en,
				Base,
			);
			mainGroup = 3206F1351D86173D00F41B34;
			productRefGroup = 3206F13F1D86173D00F41B34 /* Products */;
			projectDirPath = "";
			projectRoot = "";
			targets = (
				3206F13D1D86173D00F41B34 /* NumberToRomanNumerals */,
			);
		};
/* End PBXProject section */

/* Begin PBXResourcesBuildPhase section */
		3206F13C1D86173D00F41B34 /* Resources */ = {
			isa = PBXResourcesBuildPhase;
			buildActionMask = 2147483647;
			files = (
				3206F14C1D86173D00F41B34 /* LaunchScreen.storyboard in Resources */,
				3206F1491D86173D00F41B34 /* Assets.xcassets in Resources */,
				3206F1471D86173D00F41B34 /* Main.storyboard in Resources */,
			);
			runOnlyForDeploymentPostprocessing = 0;
		};
/* End PBXResourcesBuildPhase section */

/* Begin PBXSourcesBuildPhase section */
		3206F13A1D86173D00F41B34 /* Sources */ = {
			isa = PBXSourcesBuildPhase;
			buildActionMask = 2147483647;
			files = (
				3206F1441D86173D00F41B34 /* ViewController.swift in Sources */,
				3206F1421D86173D00F41B34 /* AppDelegate.swift in Sources */,
			);
			runOnlyForDeploymentPostprocessing = 0;
		};
/* End PBXSourcesBuildPhase section */

/* Begin PBXVariantGroup section */
		3206F1451D86173D00F41B34 /* Main.storyboard */ = {
			isa = PBXVariantGroup;
			children = (
				3206F1461D86173D00F41B34 /* Base */,
			);
			name = Main.storyboard;
			sourceTree = "<group>";
		};
		3206F14A1D86173D00F41B34 /* LaunchScreen.storyboard */ = {
			isa = PBXVariantGroup;
			children = (
				3206F14B1D86173D00F41B34 /* Base */,
			);
			name = LaunchScreen.storyboard;
			sourceTree = "<group>";
		};
/* End PBXVariantGroup section */

/* Begin XCBuildConfiguration section */
		3206F14E1D86173D00F41B34 /* Debug */ = {
			isa = XCBuildConfiguration;
			buildSettings = {
				ALWAYS_SEARCH_USER_PATHS = NO;
				CLANG_ANALYZER_NONNULL = YES;
				CLANG_CXX_LANGUAGE_STANDARD = "gnu++0x";
				CLANG_CXX_LIBRARY = "libc++";
				CLANG_ENABLE_MODULES = YES;
				CLANG_ENABLE_OBJC_ARC = YES;
				CLANG_WARN_BOOL_CONVERSION = YES;
				CLANG_WARN_CONSTANT_CONVERSION = YES;
				CLANG_WARN_DIRECT_OBJC_ISA_USAGE = YES_ERROR;
				CLANG_WARN_EMPTY_BODY = YES;
				CLANG_WARN_ENUM_CONVERSION = YES;
				CLANG_WARN_INT_CONVERSION = YES;
				CLANG_WARN_OBJC_ROOT_CLASS = YES_ERROR;
				CLANG_WARN_UNREACHABLE_CODE = YES;
				CLANG_WARN__DUPLICATE_METHOD_MATCH = YES;
				"CODE_SIGN_IDENTITY[sdk=iphoneos*]" = "iPhone Developer";
				COPY_PHASE_STRIP = NO;
				DEBUG_INFORMATION_FORMAT = dwarf;
				ENABLE_STRICT_OBJC_MSGSEND = YES;
				ENABLE_TESTABILITY = YES;
				GCC_C_LANGUAGE_STANDARD = gnu99;
				GCC_DYNAMIC_NO_PIC = NO;
				GCC_NO_COMMON_BLOCKS = YES;
				GCC_OPTIMIZATION_LEVEL = 0;
				GCC_PREPROCESSOR_DEFINITIONS = (
					"DEBUG=1",
					"$(inherited)",
				);
				GCC_WARN_64_TO_32_BIT_CONVERSION = YES;
				GCC_WARN_ABOUT_RETURN_TYPE = YES_ERROR;
				GCC_WARN_UNDECLARED_SELECTOR = YES;
				GCC_WARN_UNINITIALIZED_AUTOS = YES_AGGRESSIVE;
				GCC_WARN_UNUSED_FUNCTION = YES;
				GCC_WARN_UNUSED_VARIABLE = YES;
				IPHONEOS_DEPLOYMENT_TARGET = 9.3;
				MTL_ENABLE_DEBUG_INFO = YES;
				ONLY_ACTIVE_ARCH = YES;
				SDKROOT = iphoneos;
				SWIFT_OPTIMIZATION_LEVEL = "-Onone";
			};
			name = Debug;
		};
		3206F14F1D86173D00F41B34 /* Release */ = {
			isa = XCBuildConfiguration;
			buildSettings = {
				ALWAYS_SEARCH_USER_PATHS = NO;
				CLANG_ANALYZER_NONNULL = YES;
				CLANG_CXX_LANGUAGE_STANDARD = "gnu++0x";
				CLANG_CXX_LIBRARY = "libc++";
				CLANG_ENABLE_MODULES = YES;
				CLANG_ENABLE_OBJC_ARC = YES;
				CLANG_WARN_BOOL_CONVERSION = YES;
				CLANG_WARN_CONSTANT_CONVERSION = YES;
				CLANG_WARN_DIRECT_OBJC_ISA_USAGE = YES_ERROR;
				CLANG_WARN_EMPTY_BODY = YES;
				CLANG_WARN_ENUM_CONVERSION = YES;
				CLANG_WARN_INT_CONVERSION = YES;
				CLANG_WARN_OBJC_ROOT_CLASS = YES_ERROR;
				CLANG_WARN_UNREACHABLE_CODE = YES;
				CLANG_WARN__DUPLICATE_METHOD_MATCH = YES;
				"CODE_SIGN_IDENTITY[sdk=iphoneos*]" = "iPhone Developer";
				COPY_PHASE_STRIP = NO;
				DEBUG_INFORMATION_FORMAT = "dwarf-with-dsym";
				ENABLE_NS_ASSERTIONS = NO;
				ENABLE_STRICT_OBJC_MSGSEND = YES;
				GCC_C_LANGUAGE_STANDARD = gnu99;
				GCC_NO_COMMON_BLOCKS = YES;
				GCC_WARN_64_TO_32_BIT_CONVERSION = YES;
				GCC_WARN_ABOUT_RETURN_TYPE = YES_ERROR;
				GCC_WARN_UNDECLARED_SELECTOR = YES;
				GCC_WARN_UNINITIALIZED_AUTOS = YES_AGGRESSIVE;
				GCC_WARN_UNUSED_FUNCTION = YES;
				GCC_WARN_UNUSED_VARIABLE = YES;
				IPHONEOS_DEPLOYMENT_TARGET = 9.3;
				MTL_ENABLE_DEBUG_INFO = NO;
				SDKROOT = iphoneos;
				VALIDATE_PRODUCT = YES;
			};
			name = Release;
		};
		3206F1511D86173D00F41B34 /* Debug */ = {
			isa = XCBuildConfiguration;
			buildSettings = {
				ASSETCATALOG_COMPILER_APPICON_NAME = AppIcon;
				INFOPLIST_FILE = NumberToRomanNumerals/Info.plist;
				LD_RUNPATH_SEARCH_PATHS = "$(inherited) @executable_path/Frameworks";
				PRODUCT_BUNDLE_IDENTIFIER = com.DavidThurman.NumberToRomanNumerals;
				PRODUCT_NAME = "$(TARGET_NAME)";
			};
			name = Debug;
		};
		3206F1521D86173D00F41B34 /* Release */ = {
			isa = XCBuildConfiguration;
			buildSettings = {
				ASSETCATALOG_COMPILER_APPICON_NAME = AppIcon;
				INFOPLIST_FILE = NumberToRomanNumerals/Info.plist;
				LD_RUNPATH_SEARCH_PATHS = "$(inherited) @executable_path/Frameworks";
				PRODUCT_BUNDLE_IDENTIFIER = com.DavidThurman.NumberToRomanNumerals;
				PRODUCT_NAME = "$(TARGET_NAME)";
			};
			name = Release;
		};
/* End XCBuildConfiguration section */

/* Begin XCConfigurationList section */
		3206F1391D86173D00F41B34 /* Build configuration list for PBXProject "NumberToRomanNumerals" */ = {
			isa = XCConfigurationList;
			buildConfigurations = (
				3206F14E1D86173D00F41B34 /* Debug */,
				3206F14F1D86173D00F41B34 /* Release */,
			);
			defaultConfigurationIsVisible = 0;
			defaultConfigurationName = Release;
		};
		3206F1501D86173D00F41B34 /* Build configuration list for PBXNativeTarget "NumberToRomanNumerals" */ = {
			isa = XCConfigurationList;
			buildConfigurations = (
				3206F1511D86173D00F41B34 /* Debug */,
				3206F1521D86173D00F41B34 /* Release */,
			);
			defaultConfigurationIsVisible = 0;
		};
/* End XCConfigurationList section */
	};
	rootObject = 3206F1361D86173D00F41B34 /* Project object */;
}
